
Microsoft Visual Studio Solution File, Format Version 12.00
# Visual Studio Version 16
VisualStudioVersion = 16.0.31911.196
MinimumVisualStudioVersion = 10.0.40219.1
Project("{FAE04EC0-301F-11D3-BF4B-00C04F79EFBC}") = "DataTableSample-01", "DataTableSample-01.csproj", "{BBD51605-4715-4EDD-B05F-E247065E3DC3}"
EndProject
Global
	GlobalSection(SolutionConfigurationPlatforms) = preSolution
		Debug|Any CPU = Debug|Any CPU
		Release|Any CPU = Release|Any CPU
	EndGlobalSection
	GlobalSection(ProjectConfigurationPlatforms) = postSolution
		{BBD51605-4715-4EDD-B05F-E247065E3DC3}.Debug|Any CPU.ActiveCfg = Debug|Any CPU
		{BBD51605-4715-4EDD-B05F-E247065E3DC3}.Debug|Any CPU.Build.0 = Debug|Any CPU
		{BBD51605-4715-4EDD-B05F-E247065E3DC3}.Release|Any CPU.ActiveCfg = Release|Any CPU
		{BBD51605-4715-4EDD-B05F-E247065E3DC3}.Release|Any CPU.Build.0 = Release|Any CPU
	EndGlobalSection
	GlobalSection(SolutionProperties) = preSolution
		HideSolutionNode = FALSE
	EndGlobalSection
	GlobalSection(ExtensibilityGlobals) = postSolution
		SolutionGuid = {FC2D7CFC-E56F-404E-92C8-C867CD4BA698}
	EndGlobalSection
EndGlobal
